
Microsoft Visual Studio Solution File, Format Version 12.00
# Visual Studio Version 17
VisualStudioVersion = 17.14.36414.22 d17.14
MinimumVisualStudioVersion = 10.0.40219.1
Project("{FAE04EC0-301F-11D3-BF4B-00C04F79EFBC}") = "SchoolHubAPI", "SchoolHubAPI\SchoolHubAPI.csproj", "{B43B9EF0-16E6-4563-9641-BCA1DB637C2A}"
EndProject
Global
	GlobalSection(SolutionConfigurationPlatforms) = preSolution
		Debug|Any CPU = Debug|Any CPU
		Release|Any CPU = Release|Any CPU
	EndGlobalSection
	GlobalSection(ProjectConfigurationPlatforms) = postSolution
		{B43B9EF0-16E6-4563-9641-BCA1DB637C2A}.Debug|Any CPU.ActiveCfg = Debug|Any CPU
		{B43B9EF0-16E6-4563-9641-BCA1DB637C2A}.Debug|Any CPU.Build.0 = Debug|Any CPU
		{B43B9EF0-16E6-4563-9641-BCA1DB637C2A}.Release|Any CPU.ActiveCfg = Release|Any CPU
		{B43B9EF0-16E6-4563-9641-BCA1DB637C2A}.Release|Any CPU.Build.0 = Release|Any CPU
	EndGlobalSection
	GlobalSection(SolutionProperties) = preSolution
		HideSolutionNode = FALSE
	EndGlobalSection
	GlobalSection(ExtensibilityGlobals) = postSolution
		SolutionGuid = {1A55F3AC-3F0C-4B76-ACEB-A750F0DA6DE2}
	EndGlobalSection
EndGlobal
